
Microsoft Visual Studio Solution File, Format Version 12.00
# Visual Studio Version 16
VisualStudioVersion = 16.0.29905.134
MinimumVisualStudioVersion = 10.0.40219.1
Project("{FAE04EC0-301F-11D3-BF4B-00C04F79EFBC}") = "OnTapCaesarThayTheDonGian", "OnTapCaesarThayTheDonGian\OnTapCaesarThayTheDonGian.csproj", "{619B0014-6661-425E-B069-A28EE2EA0F52}"
EndProject
Global
	GlobalSection(SolutionConfigurationPlatforms) = preSolution
		Debug|Any CPU = Debug|Any CPU
		Release|Any CPU = Release|Any CPU
	EndGlobalSection
	GlobalSection(ProjectConfigurationPlatforms) = postSolution
		{619B0014-6661-425E-B069-A28EE2EA0F52}.Debug|Any CPU.ActiveCfg = Debug|Any CPU
		{619B0014-6661-425E-B069-A28EE2EA0F52}.Debug|Any CPU.Build.0 = Debug|Any CPU
		{619B0014-6661-425E-B069-A28EE2EA0F52}.Release|Any CPU.ActiveCfg = Release|Any CPU
		{619B0014-6661-425E-B069-A28EE2EA0F52}.Release|Any CPU.Build.0 = Release|Any CPU
	EndGlobalSection
	GlobalSection(SolutionProperties) = preSolution
		HideSolutionNode = FALSE
	EndGlobalSection
	GlobalSection(ExtensibilityGlobals) = postSolution
		SolutionGuid = {E4DD2F71-B016-4002-84A8-8EDB1F9482A0}
	EndGlobalSection
EndGlobal
