
Microsoft Visual Studio Solution File, Format Version 12.00
# Visual Studio Version 16
VisualStudioVersion = 16.0.29905.134
MinimumVisualStudioVersion = 10.0.40219.1
Project("{FAE04EC0-301F-11D3-BF4B-00C04F79EFBC}") = "MaHoaDonGian", "MaHoaDonGian\MaHoaDonGian.csproj", "{00A86674-5336-4E91-8C90-C6A2AD6F41C6}"
EndProject
Global
	GlobalSection(SolutionConfigurationPlatforms) = preSolution
		Debug|Any CPU = Debug|Any CPU
		Release|Any CPU = Release|Any CPU
	EndGlobalSection
	GlobalSection(ProjectConfigurationPlatforms) = postSolution
		{00A86674-5336-4E91-8C90-C6A2AD6F41C6}.Debug|Any CPU.ActiveCfg = Debug|Any CPU
		{00A86674-5336-4E91-8C90-C6A2AD6F41C6}.Debug|Any CPU.Build.0 = Debug|Any CPU
		{00A86674-5336-4E91-8C90-C6A2AD6F41C6}.Release|Any CPU.ActiveCfg = Release|Any CPU
		{00A86674-5336-4E91-8C90-C6A2AD6F41C6}.Release|Any CPU.Build.0 = Release|Any CPU
	EndGlobalSection
	GlobalSection(SolutionProperties) = preSolution
		HideSolutionNode = FALSE
	EndGlobalSection
	GlobalSection(ExtensibilityGlobals) = postSolution
		SolutionGuid = {321D2DE2-756E-40D5-B6F9-6723C56EF7EF}
	EndGlobalSection
EndGlobal
